
Microsoft Visual Studio Solution File, Format Version 12.00
# Visual Studio Version 17
VisualStudioVersion = 17.3.32922.545
MinimumVisualStudioVersion = 10.0.40219.1
Project("{9A19103F-16F7-4668-BE54-9A1E7A4F7556}") = "CardStorageService", "CardStorageService\CardStorageService.csproj", "{0405F2D3-7877-4E72-B738-2E17B6F401F0}"
EndProject
Project("{9A19103F-16F7-4668-BE54-9A1E7A4F7556}") = "CardStorageService.Data", "CardStorageService.Data\CardStorageService.Data.csproj", "{0537E7DC-E25F-424E-A48C-3B3DF3864AE0}"
EndProject
Project("{9A19103F-16F7-4668-BE54-9A1E7A4F7556}") = "PasswordUtilsClient", "PasswordUtilsClient\PasswordUtilsClient.csproj", "{6046C475-3CAA-41F7-A822-549F3D7A490E}"
EndProject
Global
	GlobalSection(SolutionConfigurationPlatforms) = preSolution
		Debug|Any CPU = Debug|Any CPU
		Release|Any CPU = Release|Any CPU
	EndGlobalSection
	GlobalSection(ProjectConfigurationPlatforms) = postSolution
		{0405F2D3-7877-4E72-B738-2E17B6F401F0}.Debug|Any CPU.ActiveCfg = Debug|Any CPU
		{0405F2D3-7877-4E72-B738-2E17B6F401F0}.Debug|Any CPU.Build.0 = Debug|Any CPU
		{0405F2D3-7877-4E72-B738-2E17B6F401F0}.Release|Any CPU.ActiveCfg = Release|Any CPU
		{0405F2D3-7877-4E72-B738-2E17B6F401F0}.Release|Any CPU.Build.0 = Release|Any CPU
		{0537E7DC-E25F-424E-A48C-3B3DF3864AE0}.Debug|Any CPU.ActiveCfg = Debug|Any CPU
		{0537E7DC-E25F-424E-A48C-3B3DF3864AE0}.Debug|Any CPU.Build.0 = Debug|Any CPU
		{0537E7DC-E25F-424E-A48C-3B3DF3864AE0}.Release|Any CPU.ActiveCfg = Release|Any CPU
		{0537E7DC-E25F-424E-A48C-3B3DF3864AE0}.Release|Any CPU.Build.0 = Release|Any CPU
		{6046C475-3CAA-41F7-A822-549F3D7A490E}.Debug|Any CPU.ActiveCfg = Debug|Any CPU
		{6046C475-3CAA-41F7-A822-549F3D7A490E}.Debug|Any CPU.Build.0 = Debug|Any CPU
		{6046C475-3CAA-41F7-A822-549F3D7A490E}.Release|Any CPU.ActiveCfg = Release|Any CPU
		{6046C475-3CAA-41F7-A822-549F3D7A490E}.Release|Any CPU.Build.0 = Release|Any CPU
	EndGlobalSection
	GlobalSection(SolutionProperties) = preSolution
		HideSolutionNode = FALSE
	EndGlobalSection
	GlobalSection(ExtensibilityGlobals) = postSolution
		SolutionGuid = {3F5FAE14-28CF-4809-A8E6-C59335033CE3}
	EndGlobalSection
EndGlobal
